
Microsoft Visual Studio Solution File, Format Version 12.00
# Visual Studio Version 16
VisualStudioVersion = 16.0.30907.101
MinimumVisualStudioVersion = 10.0.40219.1
Project("{9A19103F-16F7-4668-BE54-9A1E7A4F7556}") = "01-DataType", "01-DataType\01-DataType.csproj", "{89FA6575-BF9F-4573-8DAC-03779BF83403}"
EndProject
Project("{9A19103F-16F7-4668-BE54-9A1E7A4F7556}") = "02-Array(diziler)", "02-Array(diziler)\02-Array(diziler).csproj", "{003EEAB6-4801-477D-A50F-DBAE72CD58E8}"
EndProject
Project("{9A19103F-16F7-4668-BE54-9A1E7A4F7556}") = "03-Loops(döngüler)", "03-Loops(döngüler)\03-Loops(döngüler).csproj", "{E282E393-503A-4140-B471-AE8007BC222F}"
EndProject
Project("{9A19103F-16F7-4668-BE54-9A1E7A4F7556}") = "04-Switch-CaseYapısı", "04-Switch-CaseYapısı\04-Switch-CaseYapısı.csproj", "{E9B0FFBB-ED2C-4D8E-AAD7-50CC6B70F5B3}"
EndProject
Project("{9A19103F-16F7-4668-BE54-9A1E7A4F7556}") = "06-ClassIntro", "06-ClassIntro\06-ClassIntro.csproj", "{D89E0724-6A1D-4170-8F4C-73A32372A46E}"
EndProject
Project("{9A19103F-16F7-4668-BE54-9A1E7A4F7556}") = "07-Methods", "07-Methods\07-Methods.csproj", "{081530DC-0704-4F41-AD4D-F43D46CE6B1E}"
EndProject
Project("{9A19103F-16F7-4668-BE54-9A1E7A4F7556}") = "08-Mathematics", "08-Mathematics\08-Mathematics.csproj", "{CCBD785E-0BFD-4B76-8138-5BE5EF94A90F}"
EndProject
Project("{9A19103F-16F7-4668-BE54-9A1E7A4F7556}") = "09-ValueAndReferanceTypes", "09-ValueAndReferanceTypes\09-ValueAndReferanceTypes.csproj", "{71EACA56-95BA-41BA-BB71-669B0BE167BE}"
EndProject
Project("{9A19103F-16F7-4668-BE54-9A1E7A4F7556}") = "05-TernaryOperator", "05-TernaryOperator\05-TernaryOperator.csproj", "{5C91FB6D-87E8-4CCF-945E-8CB2B5900E73}"
EndProject
Project("{9A19103F-16F7-4668-BE54-9A1E7A4F7556}") = "11-MethodOverloading - Out", "11-MethodOverloading\11-MethodOverloading - Out.csproj", "{D969AA3A-B173-438F-9835-CD092998123B}"
EndProject
Project("{9A19103F-16F7-4668-BE54-9A1E7A4F7556}") = "10-Methods, ref-out Type", "10-Methods, ref-out Type\10-Methods, ref-out Type.csproj", "{FB17C1DB-223A-4F30-85DA-1883E64B1656}"
EndProject
Project("{9A19103F-16F7-4668-BE54-9A1E7A4F7556}") = "12-ClassMetotDemo", "12-ClassMetotDemo\12-ClassMetotDemo.csproj", "{A8C7CE16-0B95-49E4-AB1F-486BEBB82F28}"
EndProject
Project("{9A19103F-16F7-4668-BE54-9A1E7A4F7556}") = "13-ObjectOrientedProgramming", "13-ObjectOrientedProgramming\13-ObjectOrientedProgramming.csproj", "{6B221C31-12CF-40E7-9692-F1551CC60DB4}"
EndProject
Project("{9A19103F-16F7-4668-BE54-9A1E7A4F7556}") = "14-Collections", "14-Collections\14-Collections.csproj", "{42CCC4C3-9129-4728-946D-549323A59A19}"
EndProject
Project("{9A19103F-16F7-4668-BE54-9A1E7A4F7556}") = "15-Collections(GenericIntro)", "15-Collections(GenericIntro)\15-Collections(GenericIntro).csproj", "{2A9C71A8-C242-4CE2-8CD9-9382DC46924B}"
EndProject
Project("{9A19103F-16F7-4668-BE54-9A1E7A4F7556}") = "16-ReferenceTypes(OOP)", "16-ReferenceTypes(OOP)\16-ReferenceTypes(OOP).csproj", "{3139FD38-B24B-4EA6-B4A3-DB94699E49AE}"
EndProject
Project("{9A19103F-16F7-4668-BE54-9A1E7A4F7556}") = "17-Constructors(Yapıcılar)", "17-Constructors(Yapıcılar)\17-Constructors(Yapıcılar).csproj", "{6B4443A0-936F-405A-B1D0-4D4B111699B0}"
EndProject
Project("{9A19103F-16F7-4668-BE54-9A1E7A4F7556}") = "18-DictionaryInstance", "18-AdvancedGeneric\18-DictionaryInstance.csproj", "{CA1964C3-04FA-437B-B09B-21A5D79464F2}"
EndProject
Project("{9A19103F-16F7-4668-BE54-9A1E7A4F7556}") = "19-OOP_2", "19-OOP_2\19-OOP_2.csproj", "{09A4858F-E26E-468B-8FF8-E083AFEC4C30}"
EndProject
Project("{FAE04EC0-301F-11D3-BF4B-00C04F79EFBC}") = "OOP_3", "OOP_3\OOP_3.csproj", "{134DC542-8548-4A43-B7A9-0060B671FD4E}"
EndProject
Global
	GlobalSection(SolutionConfigurationPlatforms) = preSolution
		Debug|Any CPU = Debug|Any CPU
		Release|Any CPU = Release|Any CPU
	EndGlobalSection
	GlobalSection(ProjectConfigurationPlatforms) = postSolution
		{89FA6575-BF9F-4573-8DAC-03779BF83403}.Debug|Any CPU.ActiveCfg = Debug|Any CPU
		{89FA6575-BF9F-4573-8DAC-03779BF83403}.Debug|Any CPU.Build.0 = Debug|Any CPU
		{89FA6575-BF9F-4573-8DAC-03779BF83403}.Release|Any CPU.ActiveCfg = Release|Any CPU
		{89FA6575-BF9F-4573-8DAC-03779BF83403}.Release|Any CPU.Build.0 = Release|Any CPU
		{003EEAB6-4801-477D-A50F-DBAE72CD58E8}.Debug|Any CPU.ActiveCfg = Debug|Any CPU
		{003EEAB6-4801-477D-A50F-DBAE72CD58E8}.Debug|Any CPU.Build.0 = Debug|Any CPU
		{003EEAB6-4801-477D-A50F-DBAE72CD58E8}.Release|Any CPU.ActiveCfg = Release|Any CPU
		{003EEAB6-4801-477D-A50F-DBAE72CD58E8}.Release|Any CPU.Build.0 = Release|Any CPU
		{E282E393-503A-4140-B471-AE8007BC222F}.Debug|Any CPU.ActiveCfg = Debug|Any CPU
		{E282E393-503A-4140-B471-AE8007BC222F}.Debug|Any CPU.Build.0 = Debug|Any CPU
		{E282E393-503A-4140-B471-AE8007BC222F}.Release|Any CPU.ActiveCfg = Release|Any CPU
		{E282E393-503A-4140-B471-AE8007BC222F}.Release|Any CPU.Build.0 = Release|Any CPU
		{E9B0FFBB-ED2C-4D8E-AAD7-50CC6B70F5B3}.Debug|Any CPU.ActiveCfg = Debug|Any CPU
		{E9B0FFBB-ED2C-4D8E-AAD7-50CC6B70F5B3}.Debug|Any CPU.Build.0 = Debug|Any CPU
		{E9B0FFBB-ED2C-4D8E-AAD7-50CC6B70F5B3}.Release|Any CPU.ActiveCfg = Release|Any CPU
		{E9B0FFBB-ED2C-4D8E-AAD7-50CC6B70F5B3}.Release|Any CPU.Build.0 = Release|Any CPU
		{D89E0724-6A1D-4170-8F4C-73A32372A46E}.Debug|Any CPU.ActiveCfg = Debug|Any CPU
		{D89E0724-6A1D-4170-8F4C-73A32372A46E}.Debug|Any CPU.Build.0 = Debug|Any CPU
		{D89E0724-6A1D-4170-8F4C-73A32372A46E}.Release|Any CPU.ActiveCfg = Release|Any CPU
		{D89E0724-6A1D-4170-8F4C-73A32372A46E}.Release|Any CPU.Build.0 = Release|Any CPU
		{081530DC-0704-4F41-AD4D-F43D46CE6B1E}.Debug|Any CPU.ActiveCfg = Debug|Any CPU
		{081530DC-0704-4F41-AD4D-F43D46CE6B1E}.Debug|Any CPU.Build.0 = Debug|Any CPU
		{081530DC-0704-4F41-AD4D-F43D46CE6B1E}.Release|Any CPU.ActiveCfg = Release|Any CPU
		{081530DC-0704-4F41-AD4D-F43D46CE6B1E}.Release|Any CPU.Build.0 = Release|Any CPU
		{CCBD785E-0BFD-4B76-8138-5BE5EF94A90F}.Debug|Any CPU.ActiveCfg = Debug|Any CPU
		{CCBD785E-0BFD-4B76-8138-5BE5EF94A90F}.Debug|Any CPU.Build.0 = Debug|Any CPU
		{CCBD785E-0BFD-4B76-8138-5BE5EF94A90F}.Release|Any CPU.ActiveCfg = Release|Any CPU
		{CCBD785E-0BFD-4B76-8138-5BE5EF94A90F}.Release|Any CPU.Build.0 = Release|Any CPU
		{71EACA56-95BA-41BA-BB71-669B0BE167BE}.Debug|Any CPU.ActiveCfg = Debug|Any CPU
		{71EACA56-95BA-41BA-BB71-669B0BE167BE}.Debug|Any CPU.Build.0 = Debug|Any CPU
		{71EACA56-95BA-41BA-BB71-669B0BE167BE}.Release|Any CPU.ActiveCfg = Release|Any CPU
		{71EACA56-95BA-41BA-BB71-669B0BE167BE}.Release|Any CPU.Build.0 = Release|Any CPU
		{5C91FB6D-87E8-4CCF-945E-8CB2B5900E73}.Debug|Any CPU.ActiveCfg = Debug|Any CPU
		{5C91FB6D-87E8-4CCF-945E-8CB2B5900E73}.Debug|Any CPU.Build.0 = Debug|Any CPU
		{5C91FB6D-87E8-4CCF-945E-8CB2B5900E73}.Release|Any CPU.ActiveCfg = Release|Any CPU
		{5C91FB6D-87E8-4CCF-945E-8CB2B5900E73}.Release|Any CPU.Build.0 = Release|Any CPU
		{D969AA3A-B173-438F-9835-CD092998123B}.Debug|Any CPU.ActiveCfg = Debug|Any CPU
		{D969AA3A-B173-438F-9835-CD092998123B}.Debug|Any CPU.Build.0 = Debug|Any CPU
		{D969AA3A-B173-438F-9835-CD092998123B}.Release|Any CPU.ActiveCfg = Release|Any CPU
		{D969AA3A-B173-438F-9835-CD092998123B}.Release|Any CPU.Build.0 = Release|Any CPU
		{FB17C1DB-223A-4F30-85DA-1883E64B1656}.Debug|Any CPU.ActiveCfg = Debug|Any CPU
		{FB17C1DB-223A-4F30-85DA-1883E64B1656}.Debug|Any CPU.Build.0 = Debug|Any CPU
		{FB17C1DB-223A-4F30-85DA-1883E64B1656}.Release|Any CPU.ActiveCfg = Release|Any CPU
		{FB17C1DB-223A-4F30-85DA-1883E64B1656}.Release|Any CPU.Build.0 = Release|Any CPU
		{A8C7CE16-0B95-49E4-AB1F-486BEBB82F28}.Debug|Any CPU.ActiveCfg = Debug|Any CPU
		{A8C7CE16-0B95-49E4-AB1F-486BEBB82F28}.Debug|Any CPU.Build.0 = Debug|Any CPU
		{A8C7CE16-0B95-49E4-AB1F-486BEBB82F28}.Release|Any CPU.ActiveCfg = Release|Any CPU
		{A8C7CE16-0B95-49E4-AB1F-486BEBB82F28}.Release|Any CPU.Build.0 = Release|Any CPU
		{6B221C31-12CF-40E7-9692-F1551CC60DB4}.Debug|Any CPU.ActiveCfg = Debug|Any CPU
		{6B221C31-12CF-40E7-9692-F1551CC60DB4}.Debug|Any CPU.Build.0 = Debug|Any CPU
		{6B221C31-12CF-40E7-9692-F1551CC60DB4}.Release|Any CPU.ActiveCfg = Release|Any CPU
		{6B221C31-12CF-40E7-9692-F1551CC60DB4}.Release|Any CPU.Build.0 = Release|Any CPU
		{42CCC4C3-9129-4728-946D-549323A59A19}.Debug|Any CPU.ActiveCfg = Debug|Any CPU
		{42CCC4C3-9129-4728-946D-549323A59A19}.Debug|Any CPU.Build.0 = Debug|Any CPU
		{42CCC4C3-9129-4728-946D-549323A59A19}.Release|Any CPU.ActiveCfg = Release|Any CPU
		{42CCC4C3-9129-4728-946D-549323A59A19}.Release|Any CPU.Build.0 = Release|Any CPU
		{2A9C71A8-C242-4CE2-8CD9-9382DC46924B}.Debug|Any CPU.ActiveCfg = Debug|Any CPU
		{2A9C71A8-C242-4CE2-8CD9-9382DC46924B}.Debug|Any CPU.Build.0 = Debug|Any CPU
		{2A9C71A8-C242-4CE2-8CD9-9382DC46924B}.Release|Any CPU.ActiveCfg = Release|Any CPU
		{2A9C71A8-C242-4CE2-8CD9-9382DC46924B}.Release|Any CPU.Build.0 = Release|Any CPU
		{3139FD38-B24B-4EA6-B4A3-DB94699E49AE}.Debug|Any CPU.ActiveCfg = Debug|Any CPU
		{3139FD38-B24B-4EA6-B4A3-DB94699E49AE}.Debug|Any CPU.Build.0 = Debug|Any CPU
		{3139FD38-B24B-4EA6-B4A3-DB94699E49AE}.Release|Any CPU.ActiveCfg = Release|Any CPU
		{3139FD38-B24B-4EA6-B4A3-DB94699E49AE}.Release|Any CPU.Build.0 = Release|Any CPU
		{6B4443A0-936F-405A-B1D0-4D4B111699B0}.Debug|Any CPU.ActiveCfg = Debug|Any CPU
		{6B4443A0-936F-405A-B1D0-4D4B111699B0}.Debug|Any CPU.Build.0 = Debug|Any CPU
		{6B4443A0-936F-405A-B1D0-4D4B111699B0}.Release|Any CPU.ActiveCfg = Release|Any CPU
		{6B4443A0-936F-405A-B1D0-4D4B111699B0}.Release|Any CPU.Build.0 = Release|Any CPU
		{CA1964C3-04FA-437B-B09B-21A5D79464F2}.Debug|Any CPU.ActiveCfg = Debug|Any CPU
		{CA1964C3-04FA-437B-B09B-21A5D79464F2}.Debug|Any CPU.Build.0 = Debug|Any CPU
		{CA1964C3-04FA-437B-B09B-21A5D79464F2}.Release|Any CPU.ActiveCfg = Release|Any CPU
		{CA1964C3-04FA-437B-B09B-21A5D79464F2}.Release|Any CPU.Build.0 = Release|Any CPU
		{09A4858F-E26E-468B-8FF8-E083AFEC4C30}.Debug|Any CPU.ActiveCfg = Debug|Any CPU
		{09A4858F-E26E-468B-8FF8-E083AFEC4C30}.Debug|Any CPU.Build.0 = Debug|Any CPU
		{09A4858F-E26E-468B-8FF8-E083AFEC4C30}.Release|Any CPU.ActiveCfg = Release|Any CPU
		{09A4858F-E26E-468B-8FF8-E083AFEC4C30}.Release|Any CPU.Build.0 = Release|Any CPU
		{134DC542-8548-4A43-B7A9-0060B671FD4E}.Debug|Any CPU.ActiveCfg = Debug|Any CPU
		{134DC542-8548-4A43-B7A9-0060B671FD4E}.Debug|Any CPU.Build.0 = Debug|Any CPU
		{134DC542-8548-4A43-B7A9-0060B671FD4E}.Release|Any CPU.ActiveCfg = Release|Any CPU
		{134DC542-8548-4A43-B7A9-0060B671FD4E}.Release|Any CPU.Build.0 = Release|Any CPU
	EndGlobalSection
	GlobalSection(SolutionProperties) = preSolution
		HideSolutionNode = FALSE
	EndGlobalSection
	GlobalSection(ExtensibilityGlobals) = postSolution
		SolutionGuid = {B3954C16-C8F0-40E2-8FFB-231DD14F464B}
	EndGlobalSection
EndGlobal
